
Microsoft Visual Studio Solution File, Format Version 12.00
# Visual Studio Version 17
VisualStudioVersion = 17.5.002.0
MinimumVisualStudioVersion = 10.0.40219.1
Project("{9A19103F-16F7-4668-BE54-9A1E7A4F7556}") = "MyApiProject.Tests", "MyApiProject.Tests\MyApiProject.Tests.csproj", "{563E79AE-8973-486F-A3F3-DC9268033009}"
EndProject
Project("{9A19103F-16F7-4668-BE54-9A1E7A4F7556}") = "MyApiProject", "MyApiProject\MyApiProject.csproj", "{34FCC7A1-BEE2-42FD-BE65-9C06B6502862}"
EndProject
Global
	GlobalSection(SolutionConfigurationPlatforms) = preSolution
		Debug|Any CPU = Debug|Any CPU
		Release|Any CPU = Release|Any CPU
	EndGlobalSection
	GlobalSection(ProjectConfigurationPlatforms) = postSolution
		{563E79AE-8973-486F-A3F3-DC9268033009}.Debug|Any CPU.ActiveCfg = Debug|Any CPU
		{563E79AE-8973-486F-A3F3-DC9268033009}.Debug|Any CPU.Build.0 = Debug|Any CPU
		{563E79AE-8973-486F-A3F3-DC9268033009}.Release|Any CPU.ActiveCfg = Release|Any CPU
		{563E79AE-8973-486F-A3F3-DC9268033009}.Release|Any CPU.Build.0 = Release|Any CPU
		{34FCC7A1-BEE2-42FD-BE65-9C06B6502862}.Debug|Any CPU.ActiveCfg = Debug|Any CPU
		{34FCC7A1-BEE2-42FD-BE65-9C06B6502862}.Debug|Any CPU.Build.0 = Debug|Any CPU
		{34FCC7A1-BEE2-42FD-BE65-9C06B6502862}.Release|Any CPU.ActiveCfg = Release|Any CPU
		{34FCC7A1-BEE2-42FD-BE65-9C06B6502862}.Release|Any CPU.Build.0 = Release|Any CPU
	EndGlobalSection
	GlobalSection(SolutionProperties) = preSolution
		HideSolutionNode = FALSE
	EndGlobalSection
	GlobalSection(ExtensibilityGlobals) = postSolution
		SolutionGuid = {344DF8EF-0469-480C-BC59-D88542ACF70E}
	EndGlobalSection
EndGlobal
